// !$*UTF8*$!
{
	archiveVersion = 1;
	classes = {
	};
	objectVersion = 50;
	objects = {

/* Begin PBXBuildFile section */
		C3753778228C316500F4EBD1 /* AppDelegate.m in Sources */ = {isa = PBXBuildFile; fileRef = C3753777228C316500F4EBD1 /* AppDelegate.m */; };
		C375377B228C316500F4EBD1 /* FirstViewController.m in Sources */ = {isa = PBXBuildFile; fileRef = C375377A228C316500F4EBD1 /* FirstViewController.m */; };
		C375377E228C316500F4EBD1 /* SecondViewController.m in Sources */ = {isa = PBXBuildFile; fileRef = C375377D228C316500F4EBD1 /* SecondViewController.m */; };
		C3753781228C316500F4EBD1 /* Main.storyboard in Resources */ = {isa = PBXBuildFile; fileRef = C375377F228C316500F4EBD1 /* Main.storyboard */; };
		C3753783228C316600F4EBD1 /* Assets.xcassets in Resources */ = {isa = PBXBuildFile; fileRef = C3753782228C316600F4EBD1 /* Assets.xcassets */; };
		C3753786228C316600F4EBD1 /* LaunchScreen.storyboard in Resources */ = {isa = PBXBuildFile; fileRef = C3753784228C316600F4EBD1 /* LaunchScreen.storyboard */; };
		C3753789228C316600F4EBD1 /* main.m in Sources */ = {isa = PBXBuildFile; fileRef = C3753788228C316600F4EBD1 /* main.m */; };
		C3753793228C316600F4EBD1 /* CarpoolingTests.m in Sources */ = {isa = PBXBuildFile; fileRef = C3753792228C316600F4EBD1 /* CarpoolingTests.m */; };
		C375379E228C316600F4EBD1 /* CarpoolingUITests.m in Sources */ = {isa = PBXBuildFile; fileRef = C375379D228C316600F4EBD1 /* CarpoolingUITests.m */; };
/* End PBXBuildFile section */

/* Begin PBXContainerItemProxy section */
		C375378F228C316600F4EBD1 /* PBXContainerItemProxy */ = {
			isa = PBXContainerItemProxy;
			containerPortal = C375376B228C316500F4EBD1 /* Project object */;
			proxyType = 1;
			remoteGlobalIDString = C3753772228C316500F4EBD1;
			remoteInfo = Carpooling;
		};
		C375379A228C316600F4EBD1 /* PBXContainerItemProxy */ = {
			isa = PBXContainerItemProxy;
			containerPortal = C375376B228C316500F4EBD1 /* Project object */;
			proxyType = 1;
			remoteGlobalIDString = C3753772228C316500F4EBD1;
			remoteInfo = Carpooling;
		};
/* End PBXContainerItemProxy section */

/* Begin PBXFileReference section */
		C3753773228C316500F4EBD1 /* Carpooling.app */ = {isa = PBXFileReference; explicitFileType = wrapper.application; includeInIndex = 0; path = Carpooling.app; sourceTree = BUILT_PRODUCTS_DIR; };
		C3753776228C316500F4EBD1 /* AppDelegate.h */ = {isa = PBXFileReference; lastKnownFileType = sourcecode.c.h; path = AppDelegate.h; sourceTree = "<group>"; };
		C3753777228C316500F4EBD1 /* AppDelegate.m */ = {isa = PBXFileReference; lastKnownFileType = sourcecode.c.objc; path = AppDelegate.m; sourceTree = "<group>"; };
		C3753779228C316500F4EBD1 /* FirstViewController.h */ = {isa = PBXFileReference; lastKnownFileType = sourcecode.c.h; path = FirstViewController.h; sourceTree = "<group>"; };
		C375377A228C316500F4EBD1 /* FirstViewController.m */ = {isa = PBXFileReference; lastKnownFileType = sourcecode.c.objc; path = FirstViewController.m; sourceTree = "<group>"; };
		C375377C228C316500F4EBD1 /* SecondViewController.h */ = {isa = PBXFileReference; lastKnownFileType = sourcecode.c.h; path = SecondViewController.h; sourceTree = "<group>"; };
		C375377D228C316500F4EBD1 /* SecondViewController.m */ = {isa = PBXFileReference; lastKnownFileType = sourcecode.c.objc; path = SecondViewController.m; sourceTree = "<group>"; };
		C3753780228C316500F4EBD1 /* Base */ = {isa = PBXFileReference; lastKnownFileType = file.storyboard; name = Base; path = Base.lproj/Main.storyboard; sourceTree = "<group>"; };
		C3753782228C316600F4EBD1 /* Assets.xcassets */ = {isa = PBXFileReference; lastKnownFileType = folder.assetcatalog; path = Assets.xcassets; sourceTree = "<group>"; };
		C3753785228C316600F4EBD1 /* Base */ = {isa = PBXFileReference; lastKnownFileType = file.storyboard; name = Base; path = Base.lproj/LaunchScreen.storyboard; sourceTree = "<group>"; };
		C3753787228C316600F4EBD1 /* Info.plist */ = {isa = PBXFileReference; lastKnownFileType = text.plist.xml; path = Info.plist; sourceTree = "<group>"; };
		C3753788228C316600F4EBD1 /* main.m */ = {isa = PBXFileReference; lastKnownFileType = sourcecode.c.objc; path = main.m; sourceTree = "<group>"; };
		C375378E228C316600F4EBD1 /* CarpoolingTests.xctest */ = {isa = PBXFileReference; explicitFileType = wrapper.cfbundle; includeInIndex = 0; path = CarpoolingTests.xctest; sourceTree = BUILT_PRODUCTS_DIR; };
		C3753792228C316600F4EBD1 /* CarpoolingTests.m */ = {isa = PBXFileReference; lastKnownFileType = sourcecode.c.objc; path = CarpoolingTests.m; sourceTree = "<group>"; };
		C3753794228C316600F4EBD1 /* Info.plist */ = {isa = PBXFileReference; lastKnownFileType = text.plist.xml; path = Info.plist; sourceTree = "<group>"; };
		C3753799228C316600F4EBD1 /* CarpoolingUITests.xctest */ = {isa = PBXFileReference; explicitFileType = wrapper.cfbundle; includeInIndex = 0; path = CarpoolingUITests.xctest; sourceTree = BUILT_PRODUCTS_DIR; };
		C375379D228C316600F4EBD1 /* CarpoolingUITests.m */ = {isa = PBXFileReference; lastKnownFileType = sourcecode.c.objc; path = CarpoolingUITests.m; sourceTree = "<group>"; };
		C375379F228C316600F4EBD1 /* Info.plist */ = {isa = PBXFileReference; lastKnownFileType = text.plist.xml; path = Info.plist; sourceTree = "<group>"; };
/* End PBXFileReference section */

/* Begin PBXFrameworksBuildPhase section */
		C3753770228C316500F4EBD1 /* Frameworks */ = {
			isa = PBXFrameworksBuildPhase;
			buildActionMask = 2147483647;
			files = (
			);
			runOnlyForDeploymentPostprocessing = 0;
		};
		C375378B228C316600F4EBD1 /* Frameworks */ = {
			isa = PBXFrameworksBuildPhase;
			buildActionMask = 2147483647;
			files = (
			);
			runOnlyForDeploymentPostprocessing = 0;
		};
		C3753796228C316600F4EBD1 /* Frameworks */ = {
			isa = PBXFrameworksBuildPhase;
			buildActionMask = 2147483647;
			files = (
			);
			runOnlyForDeploymentPostprocessing = 0;
		};
/* End PBXFrameworksBuildPhase section */

/* Begin PBXGroup section */
		C375376A228C316500F4EBD1 = {
			isa = PBXGroup;
			children = (
				C3753775228C316500F4EBD1 /* Carpooling */,
				C3753791228C316600F4EBD1 /* CarpoolingTests */,
				C375379C228C316600F4EBD1 /* CarpoolingUITests */,
				C3753774228C316500F4EBD1 /* Products */,
			);
			sourceTree = "<group>";
		};
		C3753774228C316500F4EBD1 /* Products */ = {
			isa = PBXGroup;
			children = (
				C3753773228C316500F4EBD1 /* Carpooling.app */,
				C375378E228C316600F4EBD1 /* CarpoolingTests.xctest */,
				C3753799228C316600F4EBD1 /* CarpoolingUITests.xctest */,
			);
			name = Products;
			sourceTree = "<group>";
		};
		C3753775228C316500F4EBD1 /* Carpooling */ = {
			isa = PBXGroup;
			children = (
				C3753776228C316500F4EBD1 /* AppDelegate.h */,
				C3753777228C316500F4EBD1 /* AppDelegate.m */,
				C3753779228C316500F4EBD1 /* FirstViewController.h */,
				C375377A228C316500F4EBD1 /* FirstViewController.m */,
				C375377C228C316500F4EBD1 /* SecondViewController.h */,
				C375377D228C316500F4EBD1 /* SecondViewController.m */,
				C375377F228C316500F4EBD1 /* Main.storyboard */,
				C3753782228C316600F4EBD1 /* Assets.xcassets */,
				C3753784228C316600F4EBD1 /* LaunchScreen.storyboard */,
				C3753787228C316600F4EBD1 /* Info.plist */,
				C3753788228C316600F4EBD1 /* main.m */,
			);
			path = Carpooling;
			sourceTree = "<group>";
		};
		C3753791228C316600F4EBD1 /* CarpoolingTests */ = {
			isa = PBXGroup;
			children = (
				C3753792228C316600F4EBD1 /* CarpoolingTests.m */,
				C3753794228C316600F4EBD1 /* Info.plist */,
			);
			path = CarpoolingTests;
			sourceTree = "<group>";
		};
		C375379C228C316600F4EBD1 /* CarpoolingUITests */ = {
			isa = PBXGroup;
			children = (
				C375379D228C316600F4EBD1 /* CarpoolingUITests.m */,
				C375379F228C316600F4EBD1 /* Info.plist */,
			);
			path = CarpoolingUITests;
			sourceTree = "<group>";
		};
/* End PBXGroup section */

/* Begin PBXNativeTarget section */
		C3753772228C316500F4EBD1 /* Carpooling */ = {
			isa = PBXNativeTarget;
			buildConfigurationList = C37537A2228C316600F4EBD1 /* Build configuration list for PBXNativeTarget "Carpooling" */;
			buildPhases = (
				C375376F228C316500F4EBD1 /* Sources */,
				C3753770228C316500F4EBD1 /* Frameworks */,
				C3753771228C316500F4EBD1 /* Resources */,
			);
			buildRules = (
			);
			dependencies = (
			);
			name = Carpooling;
			productName = Carpooling;
			productReference = C3753773228C316500F4EBD1 /* Carpooling.app */;
			productType = "com.apple.product-type.application";
		};
		C375378D228C316600F4EBD1 /* CarpoolingTests */ = {
			isa = PBXNativeTarget;
			buildConfigurationList = C37537A5228C316600F4EBD1 /* Build configuration list for PBXNativeTarget "CarpoolingTests" */;
			buildPhases = (
				C375378A228C316600F4EBD1 /* Sources */,
				C375378B228C316600F4EBD1 /* Frameworks */,
				C375378C228C316600F4EBD1 /* Resources */,
			);
			buildRules = (
			);
			dependencies = (
				C3753790228C316600F4EBD1 /* PBXTargetDependency */,
			);
			name = CarpoolingTests;
			productName = CarpoolingTests;
			productReference = C375378E228C316600F4EBD1 /* CarpoolingTests.xctest */;
			productType = "com.apple.product-type.bundle.unit-test";
		};
		C3753798228C316600F4EBD1 /* CarpoolingUITests */ = {
			isa = PBXNativeTarget;
			buildConfigurationList = C37537A8228C316600F4EBD1 /* Build configuration list for PBXNativeTarget "CarpoolingUITests" */;
			buildPhases = (
				C3753795228C316600F4EBD1 /* Sources */,
				C3753796228C316600F4EBD1 /* Frameworks */,
				C3753797228C316600F4EBD1 /* Resources */,
			);
			buildRules = (
			);
			dependencies = (
				C375379B228C316600F4EBD1 /* PBXTargetDependency */,
			);
			name = CarpoolingUITests;
			productName = CarpoolingUITests;
			productReference = C3753799228C316600F4EBD1 /* CarpoolingUITests.xctest */;
			productType = "com.apple.product-type.bundle.ui-testing";
		};
/* End PBXNativeTarget section */

/* Begin PBXProject section */
		C375376B228C316500F4EBD1 /* Project object */ = {
			isa = PBXProject;
			attributes = {
				LastUpgradeCheck = 1020;
				ORGANIZATIONNAME = bw;
				TargetAttributes = {
					C3753772228C316500F4EBD1 = {
						CreatedOnToolsVersion = 10.2.1;
					};
					C375378D228C316600F4EBD1 = {
						CreatedOnToolsVersion = 10.2.1;
						TestTargetID = C3753772228C316500F4EBD1;
					};
					C3753798228C316600F4EBD1 = {
						CreatedOnToolsVersion = 10.2.1;
						TestTargetID = C3753772228C316500F4EBD1;
					};
				};
			};
			buildConfigurationList = C375376E228C316500F4EBD1 /* Build configuration list for PBXProject "Carpooling" */;
			compatibilityVersion = "Xcode 9.3";
			developmentRegion = en;
			hasScannedForEncodings = 0;
			knownRegions = (
				en,
				Base,
			);
			mainGroup = C375376A228C316500F4EBD1;
			productRefGroup = C3753774228C316500F4EBD1 /* Products */;
			projectDirPath = "";
			projectRoot = "";
			targets = (
				C3753772228C316500F4EBD1 /* Carpooling */,
				C375378D228C316600F4EBD1 /* CarpoolingTests */,
				C3753798228C316600F4EBD1 /* CarpoolingUITests */,
			);
		};
/* End PBXProject section */

/* Begin PBXResourcesBuildPhase section */
		C3753771228C316500F4EBD1 /* Resources */ = {
			isa = PBXResourcesBuildPhase;
			buildActionMask = 2147483647;
			files = (
				C3753786228C316600F4EBD1 /* LaunchScreen.storyboard in Resources */,
				C3753783228C316600F4EBD1 /* Assets.xcassets in Resources */,
				C3753781228C316500F4EBD1 /* Main.storyboard in Resources */,
			);
			runOnlyForDeploymentPostprocessing = 0;
		};
		C375378C228C316600F4EBD1 /* Resources */ = {
			isa = PBXResourcesBuildPhase;
			buildActionMask = 2147483647;
			files = (
			);
			runOnlyForDeploymentPostprocessing = 0;
		};
		C3753797228C316600F4EBD1 /* Resources */ = {
			isa = PBXResourcesBuildPhase;
			buildActionMask = 2147483647;
			files = (
			);
			runOnlyForDeploymentPostprocessing = 0;
		};
/* End PBXResourcesBuildPhase section */

/* Begin PBXSourcesBuildPhase section */
		C375376F228C316500F4EBD1 /* Sources */ = {
			isa = PBXSourcesBuildPhase;
			buildActionMask = 2147483647;
			files = (
				C375377E228C316500F4EBD1 /* SecondViewController.m in Sources */,
				C3753778228C316500F4EBD1 /* AppDelegate.m in Sources */,
				C3753789228C316600F4EBD1 /* main.m in Sources */,
				C375377B228C316500F4EBD1 /* FirstViewController.m in Sources */,
			);
			runOnlyForDeploymentPostprocessing = 0;
		};
		C375378A228C316600F4EBD1 /* Sources */ = {
			isa = PBXSourcesBuildPhase;
			buildActionMask = 2147483647;
			files = (
				C3753793228C316600F4EBD1 /* CarpoolingTests.m in Sources */,
			);
			runOnlyForDeploymentPostprocessing = 0;
		};
		C3753795228C316600F4EBD1 /* Sources */ = {
			isa = PBXSourcesBuildPhase;
			buildActionMask = 2147483647;
			files = (
				C375379E228C316600F4EBD1 /* CarpoolingUITests.m in Sources */,
			);
			runOnlyForDeploymentPostprocessing = 0;
		};
/* End PBXSourcesBuildPhase section */

/* Begin PBXTargetDependency section */
		C3753790228C316600F4EBD1 /* PBXTargetDependency */ = {
			isa = PBXTargetDependency;
			target = C3753772228C316500F4EBD1 /* Carpooling */;
			targetProxy = C375378F228C316600F4EBD1 /* PBXContainerItemProxy */;
		};
		C375379B228C316600F4EBD1 /* PBXTargetDependency */ = {
			isa = PBXTargetDependency;
			target = C3753772228C316500F4EBD1 /* Carpooling */;
			targetProxy = C375379A228C316600F4EBD1 /* PBXContainerItemProxy */;
		};
/* End PBXTargetDependency section */

/* Begin PBXVariantGroup section */
		C375377F228C316500F4EBD1 /* Main.storyboard */ = {
			isa = PBXVariantGroup;
			children = (
				C3753780228C316500F4EBD1 /* Base */,
			);
			name = Main.storyboard;
			sourceTree = "<group>";
		};
		C3753784228C316600F4EBD1 /* LaunchScreen.storyboard */ = {
			isa = PBXVariantGroup;
			children = (
				C3753785228C316600F4EBD1 /* Base */,
			);
			name = LaunchScreen.storyboard;
			sourceTree = "<group>";
		};
/* End PBXVariantGroup section */

/* Begin XCBuildConfiguration section */
		C37537A0228C316600F4EBD1 /* Debug */ = {
			isa = XCBuildConfiguration;
			buildSettings = {
				ALWAYS_SEARCH_USER_PATHS = NO;
				CLANG_ANALYZER_NONNULL = YES;
				CLANG_ANALYZER_NUMBER_OBJECT_CONVERSION = YES_AGGRESSIVE;
				CLANG_CXX_LANGUAGE_STANDARD = "gnu++14";
				CLANG_CXX_LIBRARY = "libc++";
				CLANG_ENABLE_MODULES = YES;
				CLANG_ENABLE_OBJC_ARC = YES;
				CLANG_ENABLE_OBJC_WEAK = YES;
				CLANG_WARN_BLOCK_CAPTURE_AUTORELEASING = YES;
				CLANG_WARN_BOOL_CONVERSION = YES;
				CLANG_WARN_COMMA = YES;
				CLANG_WARN_CONSTANT_CONVERSION = YES;
				CLANG_WARN_DEPRECATED_OBJC_IMPLEMENTATIONS = YES;
				CLANG_WARN_DIRECT_OBJC_ISA_USAGE = YES_ERROR;
				CLANG_WARN_DOCUMENTATION_COMMENTS = YES;
				CLANG_WARN_EMPTY_BODY = YES;
				CLANG_WARN_ENUM_CONVERSION = YES;
				CLANG_WARN_INFINITE_RECURSION = YES;
				CLANG_WARN_INT_CONVERSION = YES;
				CLANG_WARN_NON_LITERAL_NULL_CONVERSION = YES;
				CLANG_WARN_OBJC_IMPLICIT_RETAIN_SELF = YES;
				CLANG_WARN_OBJC_LITERAL_CONVERSION = YES;
				CLANG_WARN_OBJC_ROOT_CLASS = YES_ERROR;
				CLANG_WARN_RANGE_LOOP_ANALYSIS = YES;
				CLANG_WARN_STRICT_PROTOTYPES = YES;
				CLANG_WARN_SUSPICIOUS_MOVE = YES;
				CLANG_WARN_UNGUARDED_AVAILABILITY = YES_AGGRESSIVE;
				CLANG_WARN_UNREACHABLE_CODE = YES;
				CLANG_WARN__DUPLICATE_METHOD_MATCH = YES;
				CODE_SIGN_IDENTITY = "iPhone Developer";
				COPY_PHASE_STRIP = NO;
				DEBUG_INFORMATION_FORMAT = dwarf;
				ENABLE_STRICT_OBJC_MSGSEND = YES;
				ENABLE_TESTABILITY = YES;
				GCC_C_LANGUAGE_STANDARD = gnu11;
				GCC_DYNAMIC_NO_PIC = NO;
				GCC_NO_COMMON_BLOCKS = YES;
				GCC_OPTIMIZATION_LEVEL = 0;
				GCC_PREPROCESSOR_DEFINITIONS = (
					"DEBUG=1",
					"$(inherited)",
				);
				GCC_WARN_64_TO_32_BIT_CONVERSION = YES;
				GCC_WARN_ABOUT_RETURN_TYPE = YES_ERROR;
				GCC_WARN_UNDECLARED_SELECTOR = YES;
				GCC_WARN_UNINITIALIZED_AUTOS = YES_AGGRESSIVE;
				GCC_WARN_UNUSED_FUNCTION = YES;
				GCC_WARN_UNUSED_VARIABLE = YES;
				IPHONEOS_DEPLOYMENT_TARGET = 12.2;
				MTL_ENABLE_DEBUG_INFO = INCLUDE_SOURCE;
				MTL_FAST_MATH = YES;
				ONLY_ACTIVE_ARCH = YES;
				SDKROOT = iphoneos;
			};
			name = Debug;
		};
		C37537A1228C316600F4EBD1 /* Release */ = {
			isa = XCBuildConfiguration;
			buildSettings = {
				ALWAYS_SEARCH_USER_PATHS = NO;
				CLANG_ANALYZER_NONNULL = YES;
				CLANG_ANALYZER_NUMBER_OBJECT_CONVERSION = YES_AGGRESSIVE;
				CLANG_CXX_LANGUAGE_STANDARD = "gnu++14";
				CLANG_CXX_LIBRARY = "libc++";
				CLANG_ENABLE_MODULES = YES;
				CLANG_ENABLE_OBJC_ARC = YES;
				CLANG_ENABLE_OBJC_WEAK = YES;
				CLANG_WARN_BLOCK_CAPTURE_AUTORELEASING = YES;
				CLANG_WARN_BOOL_CONVERSION = YES;
				CLANG_WARN_COMMA = YES;
				CLANG_WARN_CONSTANT_CONVERSION = YES;
				CLANG_WARN_DEPRECATED_OBJC_IMPLEMENTATIONS = YES;
				CLANG_WARN_DIRECT_OBJC_ISA_USAGE = YES_ERROR;
				CLANG_WARN_DOCUMENTATION_COMMENTS = YES;
				CLANG_WARN_EMPTY_BODY = YES;
				CLANG_WARN_ENUM_CONVERSION = YES;
				CLANG_WARN_INFINITE_RECURSION = YES;
				CLANG_WARN_INT_CONVERSION = YES;
				CLANG_WARN_NON_LITERAL_NULL_CONVERSION = YES;
				CLANG_WARN_OBJC_IMPLICIT_RETAIN_SELF = YES;
				CLANG_WARN_OBJC_LITERAL_CONVERSION = YES;
				CLANG_WARN_OBJC_ROOT_CLASS = YES_ERROR;
				CLANG_WARN_RANGE_LOOP_ANALYSIS = YES;
				CLANG_WARN_STRICT_PROTOTYPES = YES;
				CLANG_WARN_SUSPICIOUS_MOVE = YES;
				CLANG_WARN_UNGUARDED_AVAILABILITY = YES_AGGRESSIVE;
				CLANG_WARN_UNREACHABLE_CODE = YES;
				CLANG_WARN__DUPLICATE_METHOD_MATCH = YES;
				CODE_SIGN_IDENTITY = "iPhone Developer";
				COPY_PHASE_STRIP = NO;
				DEBUG_INFORMATION_FORMAT = "dwarf-with-dsym";
				ENABLE_NS_ASSERTIONS = NO;
				ENABLE_STRICT_OBJC_MSGSEND = YES;
				GCC_C_LANGUAGE_STANDARD = gnu11;
				GCC_NO_COMMON_BLOCKS = YES;
				GCC_WARN_64_TO_32_BIT_CONVERSION = YES;
				GCC_WARN_ABOUT_RETURN_TYPE = YES_ERROR;
				GCC_WARN_UNDECLARED_SELECTOR = YES;
				GCC_WARN_UNINITIALIZED_AUTOS = YES_AGGRESSIVE;
				GCC_WARN_UNUSED_FUNCTION = YES;
				GCC_WARN_UNUSED_VARIABLE = YES;
				IPHONEOS_DEPLOYMENT_TARGET = 12.2;
				MTL_ENABLE_DEBUG_INFO = NO;
				MTL_FAST_MATH = YES;
				SDKROOT = iphoneos;
				VALIDATE_PRODUCT = YES;
			};
			name = Release;
		};
		C37537A3228C316600F4EBD1 /* Debug */ = {
			isa = XCBuildConfiguration;
			buildSettings = {
				ASSETCATALOG_COMPILER_APPICON_NAME = AppIcon;
				CODE_SIGN_STYLE = Automatic;
				INFOPLIST_FILE = Carpooling/Info.plist;
				LD_RUNPATH_SEARCH_PATHS = (
					"$(inherited)",
					"@executable_path/Frameworks",
				);
				PRODUCT_BUNDLE_IDENTIFIER = com.bw.Carpooling;
				PRODUCT_NAME = "$(TARGET_NAME)";
				TARGETED_DEVICE_FAMILY = "1,2";
			};
			name = Debug;
		};
		C37537A4228C316600F4EBD1 /* Release */ = {
			isa = XCBuildConfiguration;
			buildSettings = {
				ASSETCATALOG_COMPILER_APPICON_NAME = AppIcon;
				CODE_SIGN_STYLE = Automatic;
				INFOPLIST_FILE = Carpooling/Info.plist;
				LD_RUNPATH_SEARCH_PATHS = (
					"$(inherited)",
					"@executable_path/Frameworks",
				);
				PRODUCT_BUNDLE_IDENTIFIER = com.bw.Carpooling;
				PRODUCT_NAME = "$(TARGET_NAME)";
				TARGETED_DEVICE_FAMILY = "1,2";
			};
			name = Release;
		};
		C37537A6228C316600F4EBD1 /* Debug */ = {
			isa = XCBuildConfiguration;
			buildSettings = {
				BUNDLE_LOADER = "$(TEST_HOST)";
				CODE_SIGN_STYLE = Automatic;
				INFOPLIST_FILE = CarpoolingTests/Info.plist;
				LD_RUNPATH_SEARCH_PATHS = (
					"$(inherited)",
					"@executable_path/Frameworks",
					"@loader_path/Frameworks",
				);
				PRODUCT_BUNDLE_IDENTIFIER = com.bw.CarpoolingTests;
				PRODUCT_NAME = "$(TARGET_NAME)";
				TARGETED_DEVICE_FAMILY = "1,2";
				TEST_HOST = "$(BUILT_PRODUCTS_DIR)/Carpooling.app/Carpooling";
			};
			name = Debug;
		};
		C37537A7228C316600F4EBD1 /* Release */ = {
			isa = XCBuildConfiguration;
			buildSettings = {
				BUNDLE_LOADER = "$(TEST_HOST)";
				CODE_SIGN_STYLE = Automatic;
				INFOPLIST_FILE = CarpoolingTests/Info.plist;
				LD_RUNPATH_SEARCH_PATHS = (
					"$(inherited)",
					"@executable_path/Frameworks",
					"@loader_path/Frameworks",
				);
				PRODUCT_BUNDLE_IDENTIFIER = com.bw.CarpoolingTests;
				PRODUCT_NAME = "$(TARGET_NAME)";
				TARGETED_DEVICE_FAMILY = "1,2";
				TEST_HOST = "$(BUILT_PRODUCTS_DIR)/Carpooling.app/Carpooling";
			};
			name = Release;
		};
		C37537A9228C316600F4EBD1 /* Debug */ = {
			isa = XCBuildConfiguration;
			buildSettings = {
				CODE_SIGN_STYLE = Automatic;
				INFOPLIST_FILE = CarpoolingUITests/Info.plist;
				LD_RUNPATH_SEARCH_PATHS = (
					"$(inherited)",
					"@executable_path/Frameworks",
					"@loader_path/Frameworks",
				);
				PRODUCT_BUNDLE_IDENTIFIER = com.bw.CarpoolingUITests;
				PRODUCT_NAME = "$(TARGET_NAME)";
				TARGETED_DEVICE_FAMILY = "1,2";
				TEST_TARGET_NAME = Carpooling;
			};
			name = Debug;
		};
		C37537AA228C316600F4EBD1 /* Release */ = {
			isa = XCBuildConfiguration;
			buildSettings = {
				CODE_SIGN_STYLE = Automatic;
				INFOPLIST_FILE = CarpoolingUITests/Info.plist;
				LD_RUNPATH_SEARCH_PATHS = (
					"$(inherited)",
					"@executable_path/Frameworks",
					"@loader_path/Frameworks",
				);
				PRODUCT_BUNDLE_IDENTIFIER = com.bw.CarpoolingUITests;
				PRODUCT_NAME = "$(TARGET_NAME)";
				TARGETED_DEVICE_FAMILY = "1,2";
				TEST_TARGET_NAME = Carpooling;
			};
			name = Release;
		};
/* End XCBuildConfiguration section */

/* Begin XCConfigurationList section */
		C375376E228C316500F4EBD1 /* Build configuration list for PBXProject "Carpooling" */ = {
			isa = XCConfigurationList;
			buildConfigurations = (
				C37537A0228C316600F4EBD1 /* Debug */,
				C37537A1228C316600F4EBD1 /* Release */,
			);
			defaultConfigurationIsVisible = 0;
			defaultConfigurationName = Release;
		};
		C37537A2228C316600F4EBD1 /* Build configuration list for PBXNativeTarget "Carpooling" */ = {
			isa = XCConfigurationList;
			buildConfigurations = (
				C37537A3228C316600F4EBD1 /* Debug */,
				C37537A4228C316600F4EBD1 /* Release */,
			);
			defaultConfigurationIsVisible = 0;
			defaultConfigurationName = Release;
		};
		C37537A5228C316600F4EBD1 /* Build configuration list for PBXNativeTarget "CarpoolingTests" */ = {
			isa = XCConfigurationList;
			buildConfigurations = (
				C37537A6228C316600F4EBD1 /* Debug */,
				C37537A7228C316600F4EBD1 /* Release */,
			);
			defaultConfigurationIsVisible = 0;
			defaultConfigurationName = Release;
		};
		C37537A8228C316600F4EBD1 /* Build configuration list for PBXNativeTarget "CarpoolingUITests" */ = {
			isa = XCConfigurationList;
			buildConfigurations = (
				C37537A9228C316600F4EBD1 /* Debug */,
				C37537AA228C316600F4EBD1 /* Release */,
			);
			defaultConfigurationIsVisible = 0;
			defaultConfigurationName = Release;
		};
/* End XCConfigurationList section */
	};
	rootObject = C375376B228C316500F4EBD1 /* Project object */;
}
